// !$*UTF8*$!
{
	archiveVersion = 1;
	classes = {
	};
	objectVersion = 50;
	objects = {

/* Begin PBXBuildFile section */
		2909E92220C8E2530084790C /* AppDelegate.swift in Sources */ = {isa = PBXBuildFile; fileRef = 2909E92120C8E2530084790C /* AppDelegate.swift */; };
		2909E92420C8E2530084790C /* ViewController.swift in Sources */ = {isa = PBXBuildFile; fileRef = 2909E92320C8E2530084790C /* ViewController.swift */; };
		2909E92720C8E2530084790C /* Main.storyboard in Resources */ = {isa = PBXBuildFile; fileRef = 2909E92520C8E2530084790C /* Main.storyboard */; };
		2909E92920C8E2580084790C /* Assets.xcassets in Resources */ = {isa = PBXBuildFile; fileRef = 2909E92820C8E2580084790C /* Assets.xcassets */; };
		2909E92C20C8E2580084790C /* LaunchScreen.storyboard in Resources */ = {isa = PBXBuildFile; fileRef = 2909E92A20C8E2580084790C /* LaunchScreen.storyboard */; };
		2909E93720C8E2580084790C /* tamboon_mobile_appTests.swift in Sources */ = {isa = PBXBuildFile; fileRef = 2909E93620C8E2580084790C /* tamboon_mobile_appTests.swift */; };
		2909E94220C8E2580084790C /* tamboon_mobile_appUITests.swift in Sources */ = {isa = PBXBuildFile; fileRef = 2909E94120C8E2580084790C /* tamboon_mobile_appUITests.swift */; };
/* End PBXBuildFile section */

/* Begin PBXContainerItemProxy section */
		2909E93320C8E2580084790C /* PBXContainerItemProxy */ = {
			isa = PBXContainerItemProxy;
			containerPortal = 2909E91620C8E2530084790C /* Project object */;
			proxyType = 1;
			remoteGlobalIDString = 2909E91D20C8E2530084790C;
			remoteInfo = "tamboon-mobile-app";
		};
		2909E93E20C8E2580084790C /* PBXContainerItemProxy */ = {
			isa = PBXContainerItemProxy;
			containerPortal = 2909E91620C8E2530084790C /* Project object */;
			proxyType = 1;
			remoteGlobalIDString = 2909E91D20C8E2530084790C;
			remoteInfo = "tamboon-mobile-app";
		};
/* End PBXContainerItemProxy section */

/* Begin PBXFileReference section */
		2909E91E20C8E2530084790C /* tamboon-mobile-app.app */ = {isa = PBXFileReference; explicitFileType = wrapper.application; includeInIndex = 0; path = "tamboon-mobile-app.app"; sourceTree = BUILT_PRODUCTS_DIR; };
		2909E92120C8E2530084790C /* AppDelegate.swift */ = {isa = PBXFileReference; lastKnownFileType = sourcecode.swift; path = AppDelegate.swift; sourceTree = "<group>"; };
		2909E92320C8E2530084790C /* ViewController.swift */ = {isa = PBXFileReference; lastKnownFileType = sourcecode.swift; path = ViewController.swift; sourceTree = "<group>"; };
		2909E92620C8E2530084790C /* Base */ = {isa = PBXFileReference; lastKnownFileType = file.storyboard; name = Base; path = Base.lproj/Main.storyboard; sourceTree = "<group>"; };
		2909E92820C8E2580084790C /* Assets.xcassets */ = {isa = PBXFileReference; lastKnownFileType = folder.assetcatalog; path = Assets.xcassets; sourceTree = "<group>"; };
		2909E92B20C8E2580084790C /* Base */ = {isa = PBXFileReference; lastKnownFileType = file.storyboard; name = Base; path = Base.lproj/LaunchScreen.storyboard; sourceTree = "<group>"; };
		2909E92D20C8E2580084790C /* Info.plist */ = {isa = PBXFileReference; lastKnownFileType = text.plist.xml; path = Info.plist; sourceTree = "<group>"; };
		2909E93220C8E2580084790C /* tamboon-mobile-appTests.xctest */ = {isa = PBXFileReference; explicitFileType = wrapper.cfbundle; includeInIndex = 0; path = "tamboon-mobile-appTests.xctest"; sourceTree = BUILT_PRODUCTS_DIR; };
		2909E93620C8E2580084790C /* tamboon_mobile_appTests.swift */ = {isa = PBXFileReference; lastKnownFileType = sourcecode.swift; path = tamboon_mobile_appTests.swift; sourceTree = "<group>"; };
		2909E93820C8E2580084790C /* Info.plist */ = {isa = PBXFileReference; lastKnownFileType = text.plist.xml; path = Info.plist; sourceTree = "<group>"; };
		2909E93D20C8E2580084790C /* tamboon-mobile-appUITests.xctest */ = {isa = PBXFileReference; explicitFileType = wrapper.cfbundle; includeInIndex = 0; path = "tamboon-mobile-appUITests.xctest"; sourceTree = BUILT_PRODUCTS_DIR; };
		2909E94120C8E2580084790C /* tamboon_mobile_appUITests.swift */ = {isa = PBXFileReference; lastKnownFileType = sourcecode.swift; path = tamboon_mobile_appUITests.swift; sourceTree = "<group>"; };
		2909E94320C8E2580084790C /* Info.plist */ = {isa = PBXFileReference; lastKnownFileType = text.plist.xml; path = Info.plist; sourceTree = "<group>"; };
/* End PBXFileReference section */

/* Begin PBXFrameworksBuildPhase section */
		2909E91B20C8E2530084790C /* Frameworks */ = {
			isa = PBXFrameworksBuildPhase;
			buildActionMask = 2147483647;
			files = (
			);
			runOnlyForDeploymentPostprocessing = 0;
		};
		2909E92F20C8E2580084790C /* Frameworks */ = {
			isa = PBXFrameworksBuildPhase;
			buildActionMask = 2147483647;
			files = (
			);
			runOnlyForDeploymentPostprocessing = 0;
		};
		2909E93A20C8E2580084790C /* Frameworks */ = {
			isa = PBXFrameworksBuildPhase;
			buildActionMask = 2147483647;
			files = (
			);
			runOnlyForDeploymentPostprocessing = 0;
		};
/* End PBXFrameworksBuildPhase section */

/* Begin PBXGroup section */
		2909E91520C8E2530084790C = {
			isa = PBXGroup;
			children = (
				2909E92020C8E2530084790C /* tamboon-mobile-app */,
				2909E93520C8E2580084790C /* tamboon-mobile-appTests */,
				2909E94020C8E2580084790C /* tamboon-mobile-appUITests */,
				2909E91F20C8E2530084790C /* Products */,
			);
			sourceTree = "<group>";
		};
		2909E91F20C8E2530084790C /* Products */ = {
			isa = PBXGroup;
			children = (
				2909E91E20C8E2530084790C /* tamboon-mobile-app.app */,
				2909E93220C8E2580084790C /* tamboon-mobile-appTests.xctest */,
				2909E93D20C8E2580084790C /* tamboon-mobile-appUITests.xctest */,
			);
			name = Products;
			sourceTree = "<group>";
		};
		2909E92020C8E2530084790C /* tamboon-mobile-app */ = {
			isa = PBXGroup;
			children = (
				2909E92120C8E2530084790C /* AppDelegate.swift */,
				2909E92320C8E2530084790C /* ViewController.swift */,
				2909E92520C8E2530084790C /* Main.storyboard */,
				2909E92820C8E2580084790C /* Assets.xcassets */,
				2909E92A20C8E2580084790C /* LaunchScreen.storyboard */,
				2909E92D20C8E2580084790C /* Info.plist */,
			);
			path = "tamboon-mobile-app";
			sourceTree = "<group>";
		};
		2909E93520C8E2580084790C /* tamboon-mobile-appTests */ = {
			isa = PBXGroup;
			children = (
				2909E93620C8E2580084790C /* tamboon_mobile_appTests.swift */,
				2909E93820C8E2580084790C /* Info.plist */,
			);
			path = "tamboon-mobile-appTests";
			sourceTree = "<group>";
		};
		2909E94020C8E2580084790C /* tamboon-mobile-appUITests */ = {
			isa = PBXGroup;
			children = (
				2909E94120C8E2580084790C /* tamboon_mobile_appUITests.swift */,
				2909E94320C8E2580084790C /* Info.plist */,
			);
			path = "tamboon-mobile-appUITests";
			sourceTree = "<group>";
		};
/* End PBXGroup section */

/* Begin PBXNativeTarget section */
		2909E91D20C8E2530084790C /* tamboon-mobile-app */ = {
			isa = PBXNativeTarget;
			buildConfigurationList = 2909E94620C8E2580084790C /* Build configuration list for PBXNativeTarget "tamboon-mobile-app" */;
			buildPhases = (
				2909E91A20C8E2530084790C /* Sources */,
				2909E91B20C8E2530084790C /* Frameworks */,
				2909E91C20C8E2530084790C /* Resources */,
			);
			buildRules = (
			);
			dependencies = (
			);
			name = "tamboon-mobile-app";
			productName = "tamboon-mobile-app";
			productReference = 2909E91E20C8E2530084790C /* tamboon-mobile-app.app */;
			productType = "com.apple.product-type.application";
		};
		2909E93120C8E2580084790C /* tamboon-mobile-appTests */ = {
			isa = PBXNativeTarget;
			buildConfigurationList = 2909E94920C8E2580084790C /* Build configuration list for PBXNativeTarget "tamboon-mobile-appTests" */;
			buildPhases = (
				2909E92E20C8E2580084790C /* Sources */,
				2909E92F20C8E2580084790C /* Frameworks */,
				2909E93020C8E2580084790C /* Resources */,
			);
			buildRules = (
			);
			dependencies = (
				2909E93420C8E2580084790C /* PBXTargetDependency */,
			);
			name = "tamboon-mobile-appTests";
			productName = "tamboon-mobile-appTests";
			productReference = 2909E93220C8E2580084790C /* tamboon-mobile-appTests.xctest */;
			productType = "com.apple.product-type.bundle.unit-test";
		};
		2909E93C20C8E2580084790C /* tamboon-mobile-appUITests */ = {
			isa = PBXNativeTarget;
			buildConfigurationList = 2909E94C20C8E2580084790C /* Build configuration list for PBXNativeTarget "tamboon-mobile-appUITests" */;
			buildPhases = (
				2909E93920C8E2580084790C /* Sources */,
				2909E93A20C8E2580084790C /* Frameworks */,
				2909E93B20C8E2580084790C /* Resources */,
			);
			buildRules = (
			);
			dependencies = (
				2909E93F20C8E2580084790C /* PBXTargetDependency */,
			);
			name = "tamboon-mobile-appUITests";
			productName = "tamboon-mobile-appUITests";
			productReference = 2909E93D20C8E2580084790C /* tamboon-mobile-appUITests.xctest */;
			productType = "com.apple.product-type.bundle.ui-testing";
		};
/* End PBXNativeTarget section */

/* Begin PBXProject section */
		2909E91620C8E2530084790C /* Project object */ = {
			isa = PBXProject;
			attributes = {
				LastSwiftUpdateCheck = 0930;
				LastUpgradeCheck = 0930;
				ORGANIZATIONNAME = "FAHAD JAFFERI";
				TargetAttributes = {
					2909E91D20C8E2530084790C = {
						CreatedOnToolsVersion = 9.3;
					};
					2909E93120C8E2580084790C = {
						CreatedOnToolsVersion = 9.3;
						TestTargetID = 2909E91D20C8E2530084790C;
					};
					2909E93C20C8E2580084790C = {
						CreatedOnToolsVersion = 9.3;
						TestTargetID = 2909E91D20C8E2530084790C;
					};
				};
			};
			buildConfigurationList = 2909E91920C8E2530084790C /* Build configuration list for PBXProject "tamboon-mobile-app" */;
			compatibilityVersion = "Xcode 9.3";
			developmentRegion = en;
			hasScannedForEncodings = 0;
			knownRegions = (
				en,
				Base,
			);
			mainGroup = 2909E91520C8E2530084790C;
			productRefGroup = 2909E91F20C8E2530084790C /* Products */;
			projectDirPath = "";
			projectRoot = "";
			targets = (
				2909E91D20C8E2530084790C /* tamboon-mobile-app */,
				2909E93120C8E2580084790C /* tamboon-mobile-appTests */,
				2909E93C20C8E2580084790C /* tamboon-mobile-appUITests */,
			);
		};
/* End PBXProject section */

/* Begin PBXResourcesBuildPhase section */
		2909E91C20C8E2530084790C /* Resources */ = {
			isa = PBXResourcesBuildPhase;
			buildActionMask = 2147483647;
			files = (
				2909E92C20C8E2580084790C /* LaunchScreen.storyboard in Resources */,
				2909E92920C8E2580084790C /* Assets.xcassets in Resources */,
				2909E92720C8E2530084790C /* Main.storyboard in Resources */,
			);
			runOnlyForDeploymentPostprocessing = 0;
		};
		2909E93020C8E2580084790C /* Resources */ = {
			isa = PBXResourcesBuildPhase;
			buildActionMask = 2147483647;
			files = (
			);
			runOnlyForDeploymentPostprocessing = 0;
		};
		2909E93B20C8E2580084790C /* Resources */ = {
			isa = PBXResourcesBuildPhase;
			buildActionMask = 2147483647;
			files = (
			);
			runOnlyForDeploymentPostprocessing = 0;
		};
/* End PBXResourcesBuildPhase section */

/* Begin PBXSourcesBuildPhase section */
		2909E91A20C8E2530084790C /* Sources */ = {
			isa = PBXSourcesBuildPhase;
			buildActionMask = 2147483647;
			files = (
				2909E92420C8E2530084790C /* ViewController.swift in Sources */,
				2909E92220C8E2530084790C /* AppDelegate.swift in Sources */,
			);
			runOnlyForDeploymentPostprocessing = 0;
		};
		2909E92E20C8E2580084790C /* Sources */ = {
			isa = PBXSourcesBuildPhase;
			buildActionMask = 2147483647;
			files = (
				2909E93720C8E2580084790C /* tamboon_mobile_appTests.swift in Sources */,
			);
			runOnlyForDeploymentPostprocessing = 0;
		};
		2909E93920C8E2580084790C /* Sources */ = {
			isa = PBXSourcesBuildPhase;
			buildActionMask = 2147483647;
			files = (
				2909E94220C8E2580084790C /* tamboon_mobile_appUITests.swift in Sources */,
			);
			runOnlyForDeploymentPostprocessing = 0;
		};
/* End PBXSourcesBuildPhase section */

/* Begin PBXTargetDependency section */
		2909E93420C8E2580084790C /* PBXTargetDependency */ = {
			isa = PBXTargetDependency;
			target = 2909E91D20C8E2530084790C /* tamboon-mobile-app */;
			targetProxy = 2909E93320C8E2580084790C /* PBXContainerItemProxy */;
		};
		2909E93F20C8E2580084790C /* PBXTargetDependency */ = {
			isa = PBXTargetDependency;
			target = 2909E91D20C8E2530084790C /* tamboon-mobile-app */;
			targetProxy = 2909E93E20C8E2580084790C /* PBXContainerItemProxy */;
		};
/* End PBXTargetDependency section */

/* Begin PBXVariantGroup section */
		2909E92520C8E2530084790C /* Main.storyboard */ = {
			isa = PBXVariantGroup;
			children = (
				2909E92620C8E2530084790C /* Base */,
			);
			name = Main.storyboard;
			sourceTree = "<group>";
		};
		2909E92A20C8E2580084790C /* LaunchScreen.storyboard */ = {
			isa = PBXVariantGroup;
			children = (
				2909E92B20C8E2580084790C /* Base */,
			);
			name = LaunchScreen.storyboard;
			sourceTree = "<group>";
		};
/* End PBXVariantGroup section */

/* Begin XCBuildConfiguration section */
		2909E94420C8E2580084790C /* Debug */ = {
			isa = XCBuildConfiguration;
			buildSettings = {
				ALWAYS_SEARCH_USER_PATHS = NO;
				CLANG_ANALYZER_NONNULL = YES;
				CLANG_ANALYZER_NUMBER_OBJECT_CONVERSION = YES_AGGRESSIVE;
				CLANG_CXX_LANGUAGE_STANDARD = "gnu++14";
				CLANG_CXX_LIBRARY = "libc++";
				CLANG_ENABLE_MODULES = YES;
				CLANG_ENABLE_OBJC_ARC = YES;
				CLANG_ENABLE_OBJC_WEAK = YES;
				CLANG_WARN_BLOCK_CAPTURE_AUTORELEASING = YES;
				CLANG_WARN_BOOL_CONVERSION = YES;
				CLANG_WARN_COMMA = YES;
				CLANG_WARN_CONSTANT_CONVERSION = YES;
				CLANG_WARN_DEPRECATED_OBJC_IMPLEMENTATIONS = YES;
				CLANG_WARN_DIRECT_OBJC_ISA_USAGE = YES_ERROR;
				CLANG_WARN_DOCUMENTATION_COMMENTS = YES;
				CLANG_WARN_EMPTY_BODY = YES;
				CLANG_WARN_ENUM_CONVERSION = YES;
				CLANG_WARN_INFINITE_RECURSION = YES;
				CLANG_WARN_INT_CONVERSION = YES;
				CLANG_WARN_NON_LITERAL_NULL_CONVERSION = YES;
				CLANG_WARN_OBJC_IMPLICIT_RETAIN_SELF = YES;
				CLANG_WARN_OBJC_LITERAL_CONVERSION = YES;
				CLANG_WARN_OBJC_ROOT_CLASS = YES_ERROR;
				CLANG_WARN_RANGE_LOOP_ANALYSIS = YES;
				CLANG_WARN_STRICT_PROTOTYPES = YES;
				CLANG_WARN_SUSPICIOUS_MOVE = YES;
				CLANG_WARN_UNGUARDED_AVAILABILITY = YES_AGGRESSIVE;
				CLANG_WARN_UNREACHABLE_CODE = YES;
				CLANG_WARN__DUPLICATE_METHOD_MATCH = YES;
				CODE_SIGN_IDENTITY = "iPhone Developer";
				COPY_PHASE_STRIP = NO;
				DEBUG_INFORMATION_FORMAT = dwarf;
				ENABLE_STRICT_OBJC_MSGSEND = YES;
				ENABLE_TESTABILITY = YES;
				GCC_C_LANGUAGE_STANDARD = gnu11;
				GCC_DYNAMIC_NO_PIC = NO;
				GCC_NO_COMMON_BLOCKS = YES;
				GCC_OPTIMIZATION_LEVEL = 0;
				GCC_PREPROCESSOR_DEFINITIONS = (
					"DEBUG=1",
					"$(inherited)",
				);
				GCC_WARN_64_TO_32_BIT_CONVERSION = YES;
				GCC_WARN_ABOUT_RETURN_TYPE = YES_ERROR;
				GCC_WARN_UNDECLARED_SELECTOR = YES;
				GCC_WARN_UNINITIALIZED_AUTOS = YES_AGGRESSIVE;
				GCC_WARN_UNUSED_FUNCTION = YES;
				GCC_WARN_UNUSED_VARIABLE = YES;
				IPHONEOS_DEPLOYMENT_TARGET = 11.3;
				MTL_ENABLE_DEBUG_INFO = YES;
				ONLY_ACTIVE_ARCH = YES;
				SDKROOT = iphoneos;
				SWIFT_ACTIVE_COMPILATION_CONDITIONS = DEBUG;
				SWIFT_OPTIMIZATION_LEVEL = "-Onone";
			};
			name = Debug;
		};
		2909E94520C8E2580084790C /* Release */ = {
			isa = XCBuildConfiguration;
			buildSettings = {
				ALWAYS_SEARCH_USER_PATHS = NO;
				CLANG_ANALYZER_NONNULL = YES;
				CLANG_ANALYZER_NUMBER_OBJECT_CONVERSION = YES_AGGRESSIVE;
				CLANG_CXX_LANGUAGE_STANDARD = "gnu++14";
				CLANG_CXX_LIBRARY = "libc++";
				CLANG_ENABLE_MODULES = YES;
				CLANG_ENABLE_OBJC_ARC = YES;
				CLANG_ENABLE_OBJC_WEAK = YES;
				CLANG_WARN_BLOCK_CAPTURE_AUTORELEASING = YES;
				CLANG_WARN_BOOL_CONVERSION = YES;
				CLANG_WARN_COMMA = YES;
				CLANG_WARN_CONSTANT_CONVERSION = YES;
				CLANG_WARN_DEPRECATED_OBJC_IMPLEMENTATIONS = YES;
				CLANG_WARN_DIRECT_OBJC_ISA_USAGE = YES_ERROR;
				CLANG_WARN_DOCUMENTATION_COMMENTS = YES;
				CLANG_WARN_EMPTY_BODY = YES;
				CLANG_WARN_ENUM_CONVERSION = YES;
				CLANG_WARN_INFINITE_RECURSION = YES;
				CLANG_WARN_INT_CONVERSION = YES;
				CLANG_WARN_NON_LITERAL_NULL_CONVERSION = YES;
				CLANG_WARN_OBJC_IMPLICIT_RETAIN_SELF = YES;
				CLANG_WARN_OBJC_LITERAL_CONVERSION = YES;
				CLANG_WARN_OBJC_ROOT_CLASS = YES_ERROR;
				CLANG_WARN_RANGE_LOOP_ANALYSIS = YES;
				CLANG_WARN_STRICT_PROTOTYPES = YES;
				CLANG_WARN_SUSPICIOUS_MOVE = YES;
				CLANG_WARN_UNGUARDED_AVAILABILITY = YES_AGGRESSIVE;
				CLANG_WARN_UNREACHABLE_CODE = YES;
				CLANG_WARN__DUPLICATE_METHOD_MATCH = YES;
				CODE_SIGN_IDENTITY = "iPhone Developer";
				COPY_PHASE_STRIP = NO;
				DEBUG_INFORMATION_FORMAT = "dwarf-with-dsym";
				ENABLE_NS_ASSERTIONS = NO;
				ENABLE_STRICT_OBJC_MSGSEND = YES;
				GCC_C_LANGUAGE_STANDARD = gnu11;
				GCC_NO_COMMON_BLOCKS = YES;
				GCC_WARN_64_TO_32_BIT_CONVERSION = YES;
				GCC_WARN_ABOUT_RETURN_TYPE = YES_ERROR;
				GCC_WARN_UNDECLARED_SELECTOR = YES;
				GCC_WARN_UNINITIALIZED_AUTOS = YES_AGGRESSIVE;
				GCC_WARN_UNUSED_FUNCTION = YES;
				GCC_WARN_UNUSED_VARIABLE = YES;
				IPHONEOS_DEPLOYMENT_TARGET = 11.3;
				MTL_ENABLE_DEBUG_INFO = NO;
				SDKROOT = iphoneos;
				SWIFT_COMPILATION_MODE = wholemodule;
				SWIFT_OPTIMIZATION_LEVEL = "-O";
				VALIDATE_PRODUCT = YES;
			};
			name = Release;
		};
		2909E94720C8E2580084790C /* Debug */ = {
			isa = XCBuildConfiguration;
			buildSettings = {
				ASSETCATALOG_COMPILER_APPICON_NAME = AppIcon;
				CODE_SIGN_STYLE = Automatic;
				INFOPLIST_FILE = "tamboon-mobile-app/Info.plist";
				LD_RUNPATH_SEARCH_PATHS = (
					"$(inherited)",
					"@executable_path/Frameworks",
				);
				PRODUCT_BUNDLE_IDENTIFIER = "jafferi.tamboon-mobile-app";
				PRODUCT_NAME = "$(TARGET_NAME)";
				SWIFT_VERSION = 4.0;
				TARGETED_DEVICE_FAMILY = "1,2";
			};
			name = Debug;
		};
		2909E94820C8E2580084790C /* Release */ = {
			isa = XCBuildConfiguration;
			buildSettings = {
				ASSETCATALOG_COMPILER_APPICON_NAME = AppIcon;
				CODE_SIGN_STYLE = Automatic;
				INFOPLIST_FILE = "tamboon-mobile-app/Info.plist";
				LD_RUNPATH_SEARCH_PATHS = (
					"$(inherited)",
					"@executable_path/Frameworks",
				);
				PRODUCT_BUNDLE_IDENTIFIER = "jafferi.tamboon-mobile-app";
				PRODUCT_NAME = "$(TARGET_NAME)";
				SWIFT_VERSION = 4.0;
				TARGETED_DEVICE_FAMILY = "1,2";
			};
			name = Release;
		};
		2909E94A20C8E2580084790C /* Debug */ = {
			isa = XCBuildConfiguration;
			buildSettings = {
				ALWAYS_EMBED_SWIFT_STANDARD_LIBRARIES = YES;
				BUNDLE_LOADER = "$(TEST_HOST)";
				CODE_SIGN_STYLE = Automatic;
				INFOPLIST_FILE = "tamboon-mobile-appTests/Info.plist";
				LD_RUNPATH_SEARCH_PATHS = (
					"$(inherited)",
					"@executable_path/Frameworks",
					"@loader_path/Frameworks",
				);
				PRODUCT_BUNDLE_IDENTIFIER = "jafferi.tamboon-mobile-appTests";
				PRODUCT_NAME = "$(TARGET_NAME)";
				SWIFT_VERSION = 4.0;
				TARGETED_DEVICE_FAMILY = "1,2";
				TEST_HOST = "$(BUILT_PRODUCTS_DIR)/tamboon-mobile-app.app/tamboon-mobile-app";
			};
			name = Debug;
		};
		2909E94B20C8E2580084790C /* Release */ = {
			isa = XCBuildConfiguration;
			buildSettings = {
				ALWAYS_EMBED_SWIFT_STANDARD_LIBRARIES = YES;
				BUNDLE_LOADER = "$(TEST_HOST)";
				CODE_SIGN_STYLE = Automatic;
				INFOPLIST_FILE = "tamboon-mobile-appTests/Info.plist";
				LD_RUNPATH_SEARCH_PATHS = (
					"$(inherited)",
					"@executable_path/Frameworks",
					"@loader_path/Frameworks",
				);
				PRODUCT_BUNDLE_IDENTIFIER = "jafferi.tamboon-mobile-appTests";
				PRODUCT_NAME = "$(TARGET_NAME)";
				SWIFT_VERSION = 4.0;
				TARGETED_DEVICE_FAMILY = "1,2";
				TEST_HOST = "$(BUILT_PRODUCTS_DIR)/tamboon-mobile-app.app/tamboon-mobile-app";
			};
			name = Release;
		};
		2909E94D20C8E2580084790C /* Debug */ = {
			isa = XCBuildConfiguration;
			buildSettings = {
				ALWAYS_EMBED_SWIFT_STANDARD_LIBRARIES = YES;
				CODE_SIGN_STYLE = Automatic;
				INFOPLIST_FILE = "tamboon-mobile-appUITests/Info.plist";
				LD_RUNPATH_SEARCH_PATHS = (
					"$(inherited)",
					"@executable_path/Frameworks",
					"@loader_path/Frameworks",
				);
				PRODUCT_BUNDLE_IDENTIFIER = "jafferi.tamboon-mobile-appUITests";
				PRODUCT_NAME = "$(TARGET_NAME)";
				SWIFT_VERSION = 4.0;
				TARGETED_DEVICE_FAMILY = "1,2";
				TEST_TARGET_NAME = "tamboon-mobile-app";
			};
			name = Debug;
		};
		2909E94E20C8E2580084790C /* Release */ = {
			isa = XCBuildConfiguration;
			buildSettings = {
				ALWAYS_EMBED_SWIFT_STANDARD_LIBRARIES = YES;
				CODE_SIGN_STYLE = Automatic;
				INFOPLIST_FILE = "tamboon-mobile-appUITests/Info.plist";
				LD_RUNPATH_SEARCH_PATHS = (
					"$(inherited)",
					"@executable_path/Frameworks",
					"@loader_path/Frameworks",
				);
				PRODUCT_BUNDLE_IDENTIFIER = "jafferi.tamboon-mobile-appUITests";
				PRODUCT_NAME = "$(TARGET_NAME)";
				SWIFT_VERSION = 4.0;
				TARGETED_DEVICE_FAMILY = "1,2";
				TEST_TARGET_NAME = "tamboon-mobile-app";
			};
			name = Release;
		};
/* End XCBuildConfiguration section */

/* Begin XCConfigurationList section */
		2909E91920C8E2530084790C /* Build configuration list for PBXProject "tamboon-mobile-app" */ = {
			isa = XCConfigurationList;
			buildConfigurations = (
				2909E94420C8E2580084790C /* Debug */,
				2909E94520C8E2580084790C /* Release */,
			);
			defaultConfigurationIsVisible = 0;
			defaultConfigurationName = Release;
		};
		2909E94620C8E2580084790C /* Build configuration list for PBXNativeTarget "tamboon-mobile-app" */ = {
			isa = XCConfigurationList;
			buildConfigurations = (
				2909E94720C8E2580084790C /* Debug */,
				2909E94820C8E2580084790C /* Release */,
			);
			defaultConfigurationIsVisible = 0;
			defaultConfigurationName = Release;
		};
		2909E94920C8E2580084790C /* Build configuration list for PBXNativeTarget "tamboon-mobile-appTests" */ = {
			isa = XCConfigurationList;
			buildConfigurations = (
				2909E94A20C8E2580084790C /* Debug */,
				2909E94B20C8E2580084790C /* Release */,
			);
			defaultConfigurationIsVisible = 0;
			defaultConfigurationName = Release;
		};
		2909E94C20C8E2580084790C /* Build configuration list for PBXNativeTarget "tamboon-mobile-appUITests" */ = {
			isa = XCConfigurationList;
			buildConfigurations = (
				2909E94D20C8E2580084790C /* Debug */,
				2909E94E20C8E2580084790C /* Release */,
			);
			defaultConfigurationIsVisible = 0;
			defaultConfigurationName = Release;
		};
/* End XCConfigurationList section */
	};
	rootObject = 2909E91620C8E2530084790C /* Project object */;
}
